
Microsoft Visual Studio Solution File, Format Version 12.00
# Visual Studio Version 18
VisualStudioVersion = 18.0.0.0
MinimumVisualStudioVersion = 10.0.40219.1
Project("{FAE04EC0-301F-11D3-BF4B-00C04F79EFBC}") = "CairnMultiplayerMod", "CairnMultiplayerMod\CairnMultiplayerMod.csproj", "{90E6A618-D948-42BA-B058-72125A054EC9}"
EndProject
Project("{FAE04EC0-301F-11D3-BF4B-00C04F79EFBC}") = "CairnMultiplayerShared", "CairnMultiplayerShared\CairnMultiplayerShared.csproj", "{83D79920-1E20-412A-9CB4-0BE1B926AF84}"
EndProject
Project("{FAE04EC0-301F-11D3-BF4B-00C04F79EFBC}") = "CairnMultiplayerMod.Generators", "CairnMultiplayerMod.Generators\CairnMultiplayerMod.Generators.csproj", "{007B289C-F252-439E-AFE2-CEFA908C044D}"
EndProject
Project("{FAE04EC0-301F-11D3-BF4B-00C04F79EFBC}") = "CairnMultiplayerShared.Tests", "CairnMultiplayerShared.Tests\CairnMultiplayerShared.Tests.csproj", "{47A30688-0801-4EF4-A65E-A4303714ED38}"
EndProject
Project("{FAE04EC0-301F-11D3-BF4B-00C04F79EFBC}") = "CairnMultiplayerMod.Tests", "CairnMultiplayerMod.Tests\CairnMultiplayerMod.Tests.csproj", "{EA57FF8A-0F5F-4226-8502-AC6B8605FE17}"
EndProject
Project("{FAE04EC0-301F-11D3-BF4B-00C04F79EFBC}") = "CairnMultiplayerArchitecture.Tests", "CairnMultiplayerArchitecture.Tests\CairnMultiplayerArchitecture.Tests.csproj", "{B25F92C3-A165-47AD-A47F-61BDDDCA50BE}"
EndProject
Project("{2150E333-8FDC-42A3-9474-1A3956D46DE8}") = "Documentation", "Documentation", "{6B934DC3-F322-46FC-ACF7-862CB246F8C7}"
	ProjectSection(SolutionItems) = preProject
		CHANGELOG.md = CHANGELOG.md
		Directory.Build.props = Directory.Build.props
		README.md = README.md
		versions.json = versions.json
	EndProjectSection
EndProject
Project("{FAE04EC0-301F-11D3-BF4B-00C04F79EFBC}") = "CairnMultiplayerPortable.Tests", "CairnMultiplayerPortable.Tests\CairnMultiplayerPortable.Tests.csproj", "{75EF6B4C-7D86-4212-8027-159D44CD5063}"
EndProject
Global
	GlobalSection(SolutionConfigurationPlatforms) = preSolution
		Debug|Any CPU = Debug|Any CPU
		Debug|x64 = Debug|x64
		Debug|x86 = Debug|x86
		Release|Any CPU = Release|Any CPU
		Release|x64 = Release|x64
		Release|x86 = Release|x86
	EndGlobalSection
	GlobalSection(ProjectConfigurationPlatforms) = postSolution
		{90E6A618-D948-42BA-B058-72125A054EC9}.Debug|Any CPU.ActiveCfg = Debug|Any CPU
		{90E6A618-D948-42BA-B058-72125A054EC9}.Debug|Any CPU.Build.0 = Debug|Any CPU
		{90E6A618-D948-42BA-B058-72125A054EC9}.Debug|x64.ActiveCfg = Debug|Any CPU
		{90E6A618-D948-42BA-B058-72125A054EC9}.Debug|x64.Build.0 = Debug|Any CPU
		{90E6A618-D948-42BA-B058-72125A054EC9}.Debug|x86.ActiveCfg = Debug|Any CPU
		{90E6A618-D948-42BA-B058-72125A054EC9}.Debug|x86.Build.0 = Debug|Any CPU
		{90E6A618-D948-42BA-B058-72125A054EC9}.Release|Any CPU.ActiveCfg = Release|Any CPU
		{90E6A618-D948-42BA-B058-72125A054EC9}.Release|Any CPU.Build.0 = Release|Any CPU
		{90E6A618-D948-42BA-B058-72125A054EC9}.Release|x64.ActiveCfg = Release|Any CPU
		{90E6A618-D948-42BA-B058-72125A054EC9}.Release|x64.Build.0 = Release|Any CPU
		{90E6A618-D948-42BA-B058-72125A054EC9}.Release|x86.ActiveCfg = Release|Any CPU
		{90E6A618-D948-42BA-B058-72125A054EC9}.Release|x86.Build.0 = Release|Any CPU
		{83D79920-1E20-412A-9CB4-0BE1B926AF84}.Debug|Any CPU.ActiveCfg = Debug|Any CPU
		{83D79920-1E20-412A-9CB4-0BE1B926AF84}.Debug|Any CPU.Build.0 = Debug|Any CPU
		{83D79920-1E20-412A-9CB4-0BE1B926AF84}.Debug|x64.ActiveCfg = Debug|Any CPU
		{83D79920-1E20-412A-9CB4-0BE1B926AF84}.Debug|x64.Build.0 = Debug|Any CPU
		{83D79920-1E20-412A-9CB4-0BE1B926AF84}.Debug|x86.ActiveCfg = Debug|Any CPU
		{83D79920-1E20-412A-9CB4-0BE1B926AF84}.Debug|x86.Build.0 = Debug|Any CPU
		{83D79920-1E20-412A-9CB4-0BE1B926AF84}.Release|Any CPU.ActiveCfg = Release|Any CPU
		{83D79920-1E20-412A-9CB4-0BE1B926AF84}.Release|Any CPU.Build.0 = Release|Any CPU
		{83D79920-1E20-412A-9CB4-0BE1B926AF84}.Release|x64.ActiveCfg = Release|Any CPU
		{83D79920-1E20-412A-9CB4-0BE1B926AF84}.Release|x64.Build.0 = Release|Any CPU
		{83D79920-1E20-412A-9CB4-0BE1B926AF84}.Release|x86.ActiveCfg = Release|Any CPU
		{83D79920-1E20-412A-9CB4-0BE1B926AF84}.Release|x86.Build.0 = Release|Any CPU
		{007B289C-F252-439E-AFE2-CEFA908C044D}.Debug|Any CPU.ActiveCfg = Debug|Any CPU
		{007B289C-F252-439E-AFE2-CEFA908C044D}.Debug|Any CPU.Build.0 = Debug|Any CPU
		{007B289C-F252-439E-AFE2-CEFA908C044D}.Debug|x64.ActiveCfg = Debug|Any CPU
		{007B289C-F252-439E-AFE2-CEFA908C044D}.Debug|x64.Build.0 = Debug|Any CPU
		{007B289C-F252-439E-AFE2-CEFA908C044D}.Debug|x86.ActiveCfg = Debug|Any CPU
		{007B289C-F252-439E-AFE2-CEFA908C044D}.Debug|x86.Build.0 = Debug|Any CPU
		{007B289C-F252-439E-AFE2-CEFA908C044D}.Release|Any CPU.ActiveCfg = Release|Any CPU
		{007B289C-F252-439E-AFE2-CEFA908C044D}.Release|Any CPU.Build.0 = Release|Any CPU
		{007B289C-F252-439E-AFE2-CEFA908C044D}.Release|x64.ActiveCfg = Release|Any CPU
		{007B289C-F252-439E-AFE2-CEFA908C044D}.Release|x64.Build.0 = Release|Any CPU
		{007B289C-F252-439E-AFE2-CEFA908C044D}.Release|x86.ActiveCfg = Release|Any CPU
		{007B289C-F252-439E-AFE2-CEFA908C044D}.Release|x86.Build.0 = Release|Any CPU
		{47A30688-0801-4EF4-A65E-A4303714ED38}.Debug|Any CPU.ActiveCfg = Debug|Any CPU
		{47A30688-0801-4EF4-A65E-A4303714ED38}.Debug|Any CPU.Build.0 = Debug|Any CPU
		{47A30688-0801-4EF4-A65E-A4303714ED38}.Debug|x64.ActiveCfg = Debug|Any CPU
		{47A30688-0801-4EF4-A65E-A4303714ED38}.Debug|x64.Build.0 = Debug|Any CPU
		{47A30688-0801-4EF4-A65E-A4303714ED38}.Debug|x86.ActiveCfg = Debug|Any CPU
		{47A30688-0801-4EF4-A65E-A4303714ED38}.Debug|x86.Build.0 = Debug|Any CPU
		{47A30688-0801-4EF4-A65E-A4303714ED38}.Release|Any CPU.ActiveCfg = Release|Any CPU
		{47A30688-0801-4EF4-A65E-A4303714ED38}.Release|Any CPU.Build.0 = Release|Any CPU
		{47A30688-0801-4EF4-A65E-A4303714ED38}.Release|x64.ActiveCfg = Release|Any CPU
		{47A30688-0801-4EF4-A65E-A4303714ED38}.Release|x64.Build.0 = Release|Any CPU
		{47A30688-0801-4EF4-A65E-A4303714ED38}.Release|x86.ActiveCfg = Release|Any CPU
		{47A30688-0801-4EF4-A65E-A4303714ED38}.Release|x86.Build.0 = Release|Any CPU
		{EA57FF8A-0F5F-4226-8502-AC6B8605FE17}.Debug|Any CPU.ActiveCfg = Debug|Any CPU
		{EA57FF8A-0F5F-4226-8502-AC6B8605FE17}.Debug|Any CPU.Build.0 = Debug|Any CPU
		{EA57FF8A-0F5F-4226-8502-AC6B8605FE17}.Debug|x64.ActiveCfg = Debug|Any CPU
		{EA57FF8A-0F5F-4226-8502-AC6B8605FE17}.Debug|x64.Build.0 = Debug|Any CPU
		{EA57FF8A-0F5F-4226-8502-AC6B8605FE17}.Debug|x86.ActiveCfg = Debug|Any CPU
		{EA57FF8A-0F5F-4226-8502-AC6B8605FE17}.Debug|x86.Build.0 = Debug|Any CPU
		{EA57FF8A-0F5F-4226-8502-AC6B8605FE17}.Release|Any CPU.ActiveCfg = Release|Any CPU
		{EA57FF8A-0F5F-4226-8502-AC6B8605FE17}.Release|Any CPU.Build.0 = Release|Any CPU
		{EA57FF8A-0F5F-4226-8502-AC6B8605FE17}.Release|x64.ActiveCfg = Release|Any CPU
		{EA57FF8A-0F5F-4226-8502-AC6B8605FE17}.Release|x64.Build.0 = Release|Any CPU
		{EA57FF8A-0F5F-4226-8502-AC6B8605FE17}.Release|x86.ActiveCfg = Release|Any CPU
		{EA57FF8A-0F5F-4226-8502-AC6B8605FE17}.Release|x86.Build.0 = Release|Any CPU
		{B25F92C3-A165-47AD-A47F-61BDDDCA50BE}.Debug|Any CPU.ActiveCfg = Debug|Any CPU
		{B25F92C3-A165-47AD-A47F-61BDDDCA50BE}.Debug|Any CPU.Build.0 = Debug|Any CPU
		{B25F92C3-A165-47AD-A47F-61BDDDCA50BE}.Debug|x64.ActiveCfg = Debug|Any CPU
		{B25F92C3-A165-47AD-A47F-61BDDDCA50BE}.Debug|x64.Build.0 = Debug|Any CPU
		{B25F92C3-A165-47AD-A47F-61BDDDCA50BE}.Debug|x86.ActiveCfg = Debug|Any CPU
		{B25F92C3-A165-47AD-A47F-61BDDDCA50BE}.Debug|x86.Build.0 = Debug|Any CPU
		{B25F92C3-A165-47AD-A47F-61BDDDCA50BE}.Release|Any CPU.ActiveCfg = Release|Any CPU
		{B25F92C3-A165-47AD-A47F-61BDDDCA50BE}.Release|Any CPU.Build.0 = Release|Any CPU
		{B25F92C3-A165-47AD-A47F-61BDDDCA50BE}.Release|x64.ActiveCfg = Release|Any CPU
		{B25F92C3-A165-47AD-A47F-61BDDDCA50BE}.Release|x64.Build.0 = Release|Any CPU
		{B25F92C3-A165-47AD-A47F-61BDDDCA50BE}.Release|x86.ActiveCfg = Release|Any CPU
		{B25F92C3-A165-47AD-A47F-61BDDDCA50BE}.Release|x86.Build.0 = Release|Any CPU
		{75EF6B4C-7D86-4212-8027-159D44CD5063}.Debug|Any CPU.ActiveCfg = Debug|Any CPU
		{75EF6B4C-7D86-4212-8027-159D44CD5063}.Debug|Any CPU.Build.0 = Debug|Any CPU
		{75EF6B4C-7D86-4212-8027-159D44CD5063}.Debug|x64.ActiveCfg = Debug|Any CPU
		{75EF6B4C-7D86-4212-8027-159D44CD5063}.Debug|x64.Build.0 = Debug|Any CPU
		{75EF6B4C-7D86-4212-8027-159D44CD5063}.Debug|x86.ActiveCfg = Debug|Any CPU
		{75EF6B4C-7D86-4212-8027-159D44CD5063}.Debug|x86.Build.0 = Debug|Any CPU
		{75EF6B4C-7D86-4212-8027-159D44CD5063}.Release|Any CPU.ActiveCfg = Release|Any CPU
		{75EF6B4C-7D86-4212-8027-159D44CD5063}.Release|Any CPU.Build.0 = Release|Any CPU
		{75EF6B4C-7D86-4212-8027-159D44CD5063}.Release|x64.ActiveCfg = Release|Any CPU
		{75EF6B4C-7D86-4212-8027-159D44CD5063}.Release|x64.Build.0 = Release|Any CPU
		{75EF6B4C-7D86-4212-8027-159D44CD5063}.Release|x86.ActiveCfg = Release|Any CPU
		{75EF6B4C-7D86-4212-8027-159D44CD5063}.Release|x86.Build.0 = Release|Any CPU
	EndGlobalSection
	GlobalSection(SolutionProperties) = preSolution
		HideSolutionNode = FALSE
	EndGlobalSection
EndGlobal
