{
  "version": 1,
  "dependencies": {
    "net6.0": {
      "Concentus": {
        "type": "Direct",
        "requested": "[2.2.2, )",
        "resolved": "2.2.2",
        "contentHash": "2B9YmHPKO+k7YpAAnqmiXwiMJnfjfj1C868RszOll2iZWLnGTAiC1q21L/d7CvTan7T+hyqU8dR0Dcy3cpjVfQ==",
        "dependencies": {
          "System.Memory": "4.5.4",
          "System.Numerics.Vectors": "4.5.0"
        }
      },
      "NAudio.Wasapi": {
        "type": "Direct",
        "requested": "[2.4.0, )",
        "resolved": "2.4.0",
        "contentHash": "DKwpFzgJkUkge4sR+5t/DND1SbuHOJXQX3BBqnmd0n/zjM/CqBqbKA1wMXKIKdN2R1PtETVDu5C9ODPif37hhw==",
        "dependencies": {
          "NAudio.Core": "2.4.0"
        }
      },
      "NAudio.Core": {
        "type": "Transitive",
        "resolved": "2.4.0",
        "contentHash": "VDXi1Wp1CUFgMxYyyajaG8sM9c9v5Mf2AdJkYUnksqwENSqVlrXsPe9l/mG55pNIv9eMYXGHiIxVuhS7+a3BQg=="
      },
      "System.Memory": {
        "type": "Transitive",
        "resolved": "4.5.4",
        "contentHash": "1MbJTHS1lZ4bS4FmsJjnuGJOu88ZzTT2rLvrhW7Ygic+pC0NWA+3hgAen0HRdsocuQXCkUTdFn9yHJJhsijDXw=="
      },
      "System.Numerics.Vectors": {
        "type": "Transitive",
        "resolved": "4.5.0",
        "contentHash": "QQTlPTl06J/iiDbJCiepZ4H//BVraReU4O4EoRw1U02H5TLUIT7xn3GnDp9AXPSlJUDyFs4uWjWafNX6WrAojQ=="
      },
      "cairnmultiplayershared": {
        "type": "Project"
      }
    }
  }
}